
Microsoft Visual Studio Solution File, Format Version 12.00
# Visual Studio 15
VisualStudioVersion = 15.0.27130.2010
MinimumVisualStudioVersion = 10.0.40219.1
Project("{FAE04EC0-301F-11D3-BF4B-00C04F79EFBC}") = "BandNameGenerator", "BandNameGenerator\BandNameGenerator.csproj", "{4DFFACC2-0671-4ADD-9A6E-BEA3B863AAEB}"
EndProject
Project("{FAE04EC0-301F-11D3-BF4B-00C04F79EFBC}") = "BandNameGeneratorTests", "BandNameGeneratorTests\BandNameGeneratorTests.csproj", "{C0C8AEA6-C0DB-4A24-B193-9CDB8C34E30C}"
EndProject
Global
	GlobalSection(SolutionConfigurationPlatforms) = preSolution
		Debug|Any CPU = Debug|Any CPU
		Release|Any CPU = Release|Any CPU
	EndGlobalSection
	GlobalSection(ProjectConfigurationPlatforms) = postSolution
		{4DFFACC2-0671-4ADD-9A6E-BEA3B863AAEB}.Debug|Any CPU.ActiveCfg = Debug|Any CPU
		{4DFFACC2-0671-4ADD-9A6E-BEA3B863AAEB}.Debug|Any CPU.Build.0 = Debug|Any CPU
		{4DFFACC2-0671-4ADD-9A6E-BEA3B863AAEB}.Release|Any CPU.ActiveCfg = Release|Any CPU
		{4DFFACC2-0671-4ADD-9A6E-BEA3B863AAEB}.Release|Any CPU.Build.0 = Release|Any CPU
		{C0C8AEA6-C0DB-4A24-B193-9CDB8C34E30C}.Debug|Any CPU.ActiveCfg = Debug|Any CPU
		{C0C8AEA6-C0DB-4A24-B193-9CDB8C34E30C}.Debug|Any CPU.Build.0 = Debug|Any CPU
		{C0C8AEA6-C0DB-4A24-B193-9CDB8C34E30C}.Release|Any CPU.ActiveCfg = Release|Any CPU
		{C0C8AEA6-C0DB-4A24-B193-9CDB8C34E30C}.Release|Any CPU.Build.0 = Release|Any CPU
	EndGlobalSection
	GlobalSection(SolutionProperties) = preSolution
		HideSolutionNode = FALSE
	EndGlobalSection
	GlobalSection(ExtensibilityGlobals) = postSolution
		SolutionGuid = {3DD67FBB-C5A8-49F7-9826-3C976BC3C26C}
	EndGlobalSection
EndGlobal
